// !$*UTF8*$!
{
	archiveVersion = 1;
	classes = {
	};
	objectVersion = 46;
	objects = {

/* Begin PBXBuildFile section */
		7E5CFB901E8679CD0008FF68 /* AppDelegate.swift in Sources */ = {isa = PBXBuildFile; fileRef = 7E5CFB8F1E8679CD0008FF68 /* AppDelegate.swift */; };
		7E5CFB921E8679CD0008FF68 /* ViewController.swift in Sources */ = {isa = PBXBuildFile; fileRef = 7E5CFB911E8679CD0008FF68 /* ViewController.swift */; };
		7E5CFB951E8679CE0008FF68 /* Main.storyboard in Resources */ = {isa = PBXBuildFile; fileRef = 7E5CFB931E8679CE0008FF68 /* Main.storyboard */; };
		7E5CFB971E8679CE0008FF68 /* Assets.xcassets in Resources */ = {isa = PBXBuildFile; fileRef = 7E5CFB961E8679CE0008FF68 /* Assets.xcassets */; };
		7E5CFB9A1E8679CE0008FF68 /* LaunchScreen.storyboard in Resources */ = {isa = PBXBuildFile; fileRef = 7E5CFB981E8679CE0008FF68 /* LaunchScreen.storyboard */; };
		7E5CFBA51E8679CF0008FF68 /* SellektTests.swift in Sources */ = {isa = PBXBuildFile; fileRef = 7E5CFBA41E8679CF0008FF68 /* SellektTests.swift */; };
		7E5CFBB01E8679CF0008FF68 /* SellektUITests.swift in Sources */ = {isa = PBXBuildFile; fileRef = 7E5CFBAF1E8679CF0008FF68 /* SellektUITests.swift */; };
/* End PBXBuildFile section */

/* Begin PBXContainerItemProxy section */
		7E5CFBA11E8679CF0008FF68 /* PBXContainerItemProxy */ = {
			isa = PBXContainerItemProxy;
			containerPortal = 7E5CFB841E8679CD0008FF68 /* Project object */;
			proxyType = 1;
			remoteGlobalIDString = 7E5CFB8B1E8679CD0008FF68;
			remoteInfo = Sellekt;
		};
		7E5CFBAC1E8679CF0008FF68 /* PBXContainerItemProxy */ = {
			isa = PBXContainerItemProxy;
			containerPortal = 7E5CFB841E8679CD0008FF68 /* Project object */;
			proxyType = 1;
			remoteGlobalIDString = 7E5CFB8B1E8679CD0008FF68;
			remoteInfo = Sellekt;
		};
/* End PBXContainerItemProxy section */

/* Begin PBXFileReference section */
		7E5CFB8C1E8679CD0008FF68 /* Sellekt.app */ = {isa = PBXFileReference; explicitFileType = wrapper.application; includeInIndex = 0; path = Sellekt.app; sourceTree = BUILT_PRODUCTS_DIR; };
		7E5CFB8F1E8679CD0008FF68 /* AppDelegate.swift */ = {isa = PBXFileReference; lastKnownFileType = sourcecode.swift; path = AppDelegate.swift; sourceTree = "<group>"; };
		7E5CFB911E8679CD0008FF68 /* ViewController.swift */ = {isa = PBXFileReference; lastKnownFileType = sourcecode.swift; path = ViewController.swift; sourceTree = "<group>"; };
		7E5CFB941E8679CE0008FF68 /* Base */ = {isa = PBXFileReference; lastKnownFileType = file.storyboard; name = Base; path = Base.lproj/Main.storyboard; sourceTree = "<group>"; };
		7E5CFB961E8679CE0008FF68 /* Assets.xcassets */ = {isa = PBXFileReference; lastKnownFileType = folder.assetcatalog; path = Assets.xcassets; sourceTree = "<group>"; };
		7E5CFB991E8679CE0008FF68 /* Base */ = {isa = PBXFileReference; lastKnownFileType = file.storyboard; name = Base; path = Base.lproj/LaunchScreen.storyboard; sourceTree = "<group>"; };
		7E5CFB9B1E8679CE0008FF68 /* Info.plist */ = {isa = PBXFileReference; lastKnownFileType = text.plist.xml; path = Info.plist; sourceTree = "<group>"; };
		7E5CFBA01E8679CF0008FF68 /* SellektTests.xctest */ = {isa = PBXFileReference; explicitFileType = wrapper.cfbundle; includeInIndex = 0; path = SellektTests.xctest; sourceTree = BUILT_PRODUCTS_DIR; };
		7E5CFBA41E8679CF0008FF68 /* SellektTests.swift */ = {isa = PBXFileReference; lastKnownFileType = sourcecode.swift; path = SellektTests.swift; sourceTree = "<group>"; };
		7E5CFBA61E8679CF0008FF68 /* Info.plist */ = {isa = PBXFileReference; lastKnownFileType = text.plist.xml; path = Info.plist; sourceTree = "<group>"; };
		7E5CFBAB1E8679CF0008FF68 /* SellektUITests.xctest */ = {isa = PBXFileReference; explicitFileType = wrapper.cfbundle; includeInIndex = 0; path = SellektUITests.xctest; sourceTree = BUILT_PRODUCTS_DIR; };
		7E5CFBAF1E8679CF0008FF68 /* SellektUITests.swift */ = {isa = PBXFileReference; lastKnownFileType = sourcecode.swift; path = SellektUITests.swift; sourceTree = "<group>"; };
		7E5CFBB11E8679CF0008FF68 /* Info.plist */ = {isa = PBXFileReference; lastKnownFileType = text.plist.xml; path = Info.plist; sourceTree = "<group>"; };
/* End PBXFileReference section */

/* Begin PBXFrameworksBuildPhase section */
		7E5CFB891E8679CD0008FF68 /* Frameworks */ = {
			isa = PBXFrameworksBuildPhase;
			buildActionMask = 2147483647;
			files = (
			);
			runOnlyForDeploymentPostprocessing = 0;
		};
		7E5CFB9D1E8679CF0008FF68 /* Frameworks */ = {
			isa = PBXFrameworksBuildPhase;
			buildActionMask = 2147483647;
			files = (
			);
			runOnlyForDeploymentPostprocessing = 0;
		};
		7E5CFBA81E8679CF0008FF68 /* Frameworks */ = {
			isa = PBXFrameworksBuildPhase;
			buildActionMask = 2147483647;
			files = (
			);
			runOnlyForDeploymentPostprocessing = 0;
		};
/* End PBXFrameworksBuildPhase section */

/* Begin PBXGroup section */
		7E5CFB831E8679CC0008FF68 = {
			isa = PBXGroup;
			children = (
				7E5CFB8E1E8679CD0008FF68 /* Sellekt */,
				7E5CFBA31E8679CF0008FF68 /* SellektTests */,
				7E5CFBAE1E8679CF0008FF68 /* SellektUITests */,
				7E5CFB8D1E8679CD0008FF68 /* Products */,
			);
			sourceTree = "<group>";
		};
		7E5CFB8D1E8679CD0008FF68 /* Products */ = {
			isa = PBXGroup;
			children = (
				7E5CFB8C1E8679CD0008FF68 /* Sellekt.app */,
				7E5CFBA01E8679CF0008FF68 /* SellektTests.xctest */,
				7E5CFBAB1E8679CF0008FF68 /* SellektUITests.xctest */,
			);
			name = Products;
			sourceTree = "<group>";
		};
		7E5CFB8E1E8679CD0008FF68 /* Sellekt */ = {
			isa = PBXGroup;
			children = (
				7E5CFB8F1E8679CD0008FF68 /* AppDelegate.swift */,
				7E5CFB911E8679CD0008FF68 /* ViewController.swift */,
				7E5CFB931E8679CE0008FF68 /* Main.storyboard */,
				7E5CFB961E8679CE0008FF68 /* Assets.xcassets */,
				7E5CFB981E8679CE0008FF68 /* LaunchScreen.storyboard */,
				7E5CFB9B1E8679CE0008FF68 /* Info.plist */,
			);
			path = Sellekt;
			sourceTree = "<group>";
		};
		7E5CFBA31E8679CF0008FF68 /* SellektTests */ = {
			isa = PBXGroup;
			children = (
				7E5CFBA41E8679CF0008FF68 /* SellektTests.swift */,
				7E5CFBA61E8679CF0008FF68 /* Info.plist */,
			);
			path = SellektTests;
			sourceTree = "<group>";
		};
		7E5CFBAE1E8679CF0008FF68 /* SellektUITests */ = {
			isa = PBXGroup;
			children = (
				7E5CFBAF1E8679CF0008FF68 /* SellektUITests.swift */,
				7E5CFBB11E8679CF0008FF68 /* Info.plist */,
			);
			path = SellektUITests;
			sourceTree = "<group>";
		};
/* End PBXGroup section */

/* Begin PBXNativeTarget section */
		7E5CFB8B1E8679CD0008FF68 /* Sellekt */ = {
			isa = PBXNativeTarget;
			buildConfigurationList = 7E5CFBB41E8679CF0008FF68 /* Build configuration list for PBXNativeTarget "Sellekt" */;
			buildPhases = (
				7E5CFB881E8679CD0008FF68 /* Sources */,
				7E5CFB891E8679CD0008FF68 /* Frameworks */,
				7E5CFB8A1E8679CD0008FF68 /* Resources */,
			);
			buildRules = (
			);
			dependencies = (
			);
			name = Sellekt;
			productName = Sellekt;
			productReference = 7E5CFB8C1E8679CD0008FF68 /* Sellekt.app */;
			productType = "com.apple.product-type.application";
		};
		7E5CFB9F1E8679CF0008FF68 /* SellektTests */ = {
			isa = PBXNativeTarget;
			buildConfigurationList = 7E5CFBB71E8679CF0008FF68 /* Build configuration list for PBXNativeTarget "SellektTests" */;
			buildPhases = (
				7E5CFB9C1E8679CF0008FF68 /* Sources */,
				7E5CFB9D1E8679CF0008FF68 /* Frameworks */,
				7E5CFB9E1E8679CF0008FF68 /* Resources */,
			);
			buildRules = (
			);
			dependencies = (
				7E5CFBA21E8679CF0008FF68 /* PBXTargetDependency */,
			);
			name = SellektTests;
			productName = SellektTests;
			productReference = 7E5CFBA01E8679CF0008FF68 /* SellektTests.xctest */;
			productType = "com.apple.product-type.bundle.unit-test";
		};
		7E5CFBAA1E8679CF0008FF68 /* SellektUITests */ = {
			isa = PBXNativeTarget;
			buildConfigurationList = 7E5CFBBA1E8679CF0008FF68 /* Build configuration list for PBXNativeTarget "SellektUITests" */;
			buildPhases = (
				7E5CFBA71E8679CF0008FF68 /* Sources */,
				7E5CFBA81E8679CF0008FF68 /* Frameworks */,
				7E5CFBA91E8679CF0008FF68 /* Resources */,
			);
			buildRules = (
			);
			dependencies = (
				7E5CFBAD1E8679CF0008FF68 /* PBXTargetDependency */,
			);
			name = SellektUITests;
			productName = SellektUITests;
			productReference = 7E5CFBAB1E8679CF0008FF68 /* SellektUITests.xctest */;
			productType = "com.apple.product-type.bundle.ui-testing";
		};
/* End PBXNativeTarget section */

/* Begin PBXProject section */
		7E5CFB841E8679CD0008FF68 /* Project object */ = {
			isa = PBXProject;
			attributes = {
				LastSwiftUpdateCheck = 0820;
				LastUpgradeCheck = 0820;
				ORGANIZATIONNAME = appziatech;
				TargetAttributes = {
					7E5CFB8B1E8679CD0008FF68 = {
						CreatedOnToolsVersion = 8.2.1;
						DevelopmentTeam = 6THKXM7NCJ;
						ProvisioningStyle = Automatic;
					};
					7E5CFB9F1E8679CF0008FF68 = {
						CreatedOnToolsVersion = 8.2.1;
						DevelopmentTeam = 6THKXM7NCJ;
						ProvisioningStyle = Automatic;
						TestTargetID = 7E5CFB8B1E8679CD0008FF68;
					};
					7E5CFBAA1E8679CF0008FF68 = {
						CreatedOnToolsVersion = 8.2.1;
						DevelopmentTeam = 6THKXM7NCJ;
						ProvisioningStyle = Automatic;
						TestTargetID = 7E5CFB8B1E8679CD0008FF68;
					};
				};
			};
			buildConfigurationList = 7E5CFB871E8679CD0008FF68 /* Build configuration list for PBXProject "Sellekt" */;
			compatibilityVersion = "Xcode 3.2";
			developmentRegion = English;
			hasScannedForEncodings = 0;
			knownRegions = (
				en,
				Base,
			);
			mainGroup = 7E5CFB831E8679CC0008FF68;
			productRefGroup = 7E5CFB8D1E8679CD0008FF68 /* Products */;
			projectDirPath = "";
			projectRoot = "";
			targets = (
				7E5CFB8B1E8679CD0008FF68 /* Sellekt */,
				7E5CFB9F1E8679CF0008FF68 /* SellektTests */,
				7E5CFBAA1E8679CF0008FF68 /* SellektUITests */,
			);
		};
/* End PBXProject section */

/* Begin PBXResourcesBuildPhase section */
		7E5CFB8A1E8679CD0008FF68 /* Resources */ = {
			isa = PBXResourcesBuildPhase;
			buildActionMask = 2147483647;
			files = (
				7E5CFB9A1E8679CE0008FF68 /* LaunchScreen.storyboard in Resources */,
				7E5CFB971E8679CE0008FF68 /* Assets.xcassets in Resources */,
				7E5CFB951E8679CE0008FF68 /* Main.storyboard in Resources */,
			);
			runOnlyForDeploymentPostprocessing = 0;
		};
		7E5CFB9E1E8679CF0008FF68 /* Resources */ = {
			isa = PBXResourcesBuildPhase;
			buildActionMask = 2147483647;
			files = (
			);
			runOnlyForDeploymentPostprocessing = 0;
		};
		7E5CFBA91E8679CF0008FF68 /* Resources */ = {
			isa = PBXResourcesBuildPhase;
			buildActionMask = 2147483647;
			files = (
			);
			runOnlyForDeploymentPostprocessing = 0;
		};
/* End PBXResourcesBuildPhase section */

/* Begin PBXSourcesBuildPhase section */
		7E5CFB881E8679CD0008FF68 /* Sources */ = {
			isa = PBXSourcesBuildPhase;
			buildActionMask = 2147483647;
			files = (
				7E5CFB921E8679CD0008FF68 /* ViewController.swift in Sources */,
				7E5CFB901E8679CD0008FF68 /* AppDelegate.swift in Sources */,
			);
			runOnlyForDeploymentPostprocessing = 0;
		};
		7E5CFB9C1E8679CF0008FF68 /* Sources */ = {
			isa = PBXSourcesBuildPhase;
			buildActionMask = 2147483647;
			files = (
				7E5CFBA51E8679CF0008FF68 /* SellektTests.swift in Sources */,
			);
			runOnlyForDeploymentPostprocessing = 0;
		};
		7E5CFBA71E8679CF0008FF68 /* Sources */ = {
			isa = PBXSourcesBuildPhase;
			buildActionMask = 2147483647;
			files = (
				7E5CFBB01E8679CF0008FF68 /* SellektUITests.swift in Sources */,
			);
			runOnlyForDeploymentPostprocessing = 0;
		};
/* End PBXSourcesBuildPhase section */

/* Begin PBXTargetDependency section */
		7E5CFBA21E8679CF0008FF68 /* PBXTargetDependency */ = {
			isa = PBXTargetDependency;
			target = 7E5CFB8B1E8679CD0008FF68 /* Sellekt */;
			targetProxy = 7E5CFBA11E8679CF0008FF68 /* PBXContainerItemProxy */;
		};
		7E5CFBAD1E8679CF0008FF68 /* PBXTargetDependency */ = {
			isa = PBXTargetDependency;
			target = 7E5CFB8B1E8679CD0008FF68 /* Sellekt */;
			targetProxy = 7E5CFBAC1E8679CF0008FF68 /* PBXContainerItemProxy */;
		};
/* End PBXTargetDependency section */

/* Begin PBXVariantGroup section */
		7E5CFB931E8679CE0008FF68 /* Main.storyboard */ = {
			isa = PBXVariantGroup;
			children = (
				7E5CFB941E8679CE0008FF68 /* Base */,
			);
			name = Main.storyboard;
			sourceTree = "<group>";
		};
		7E5CFB981E8679CE0008FF68 /* LaunchScreen.storyboard */ = {
			isa = PBXVariantGroup;
			children = (
				7E5CFB991E8679CE0008FF68 /* Base */,
			);
			name = LaunchScreen.storyboard;
			sourceTree = "<group>";
		};
/* End PBXVariantGroup section */

/* Begin XCBuildConfiguration section */
		7E5CFBB21E8679CF0008FF68 /* Debug */ = {
			isa = XCBuildConfiguration;
			buildSettings = {
				ALWAYS_SEARCH_USER_PATHS = NO;
				CLANG_ANALYZER_NONNULL = YES;
				CLANG_CXX_LANGUAGE_STANDARD = "gnu++0x";
				CLANG_CXX_LIBRARY = "libc++";
				CLANG_ENABLE_MODULES = YES;
				CLANG_ENABLE_OBJC_ARC = YES;
				CLANG_WARN_BOOL_CONVERSION = YES;
				CLANG_WARN_CONSTANT_CONVERSION = YES;
				CLANG_WARN_DIRECT_OBJC_ISA_USAGE = YES_ERROR;
				CLANG_WARN_DOCUMENTATION_COMMENTS = YES;
				CLANG_WARN_EMPTY_BODY = YES;
				CLANG_WARN_ENUM_CONVERSION = YES;
				CLANG_WARN_INFINITE_RECURSION = YES;
				CLANG_WARN_INT_CONVERSION = YES;
				CLANG_WARN_OBJC_ROOT_CLASS = YES_ERROR;
				CLANG_WARN_SUSPICIOUS_MOVE = YES;
				CLANG_WARN_UNREACHABLE_CODE = YES;
				CLANG_WARN__DUPLICATE_METHOD_MATCH = YES;
				"CODE_SIGN_IDENTITY[sdk=iphoneos*]" = "iPhone Developer";
				COPY_PHASE_STRIP = NO;
				DEBUG_INFORMATION_FORMAT = dwarf;
				ENABLE_STRICT_OBJC_MSGSEND = YES;
				ENABLE_TESTABILITY = YES;
				GCC_C_LANGUAGE_STANDARD = gnu99;
				GCC_DYNAMIC_NO_PIC = NO;
				GCC_NO_COMMON_BLOCKS = YES;
				GCC_OPTIMIZATION_LEVEL = 0;
				GCC_PREPROCESSOR_DEFINITIONS = (
					"DEBUG=1",
					"$(inherited)",
				);
				GCC_WARN_64_TO_32_BIT_CONVERSION = YES;
				GCC_WARN_ABOUT_RETURN_TYPE = YES_ERROR;
				GCC_WARN_UNDECLARED_SELECTOR = YES;
				GCC_WARN_UNINITIALIZED_AUTOS = YES_AGGRESSIVE;
				GCC_WARN_UNUSED_FUNCTION = YES;
				GCC_WARN_UNUSED_VARIABLE = YES;
				IPHONEOS_DEPLOYMENT_TARGET = 10.2;
				MTL_ENABLE_DEBUG_INFO = YES;
				ONLY_ACTIVE_ARCH = YES;
				SDKROOT = iphoneos;
				SWIFT_ACTIVE_COMPILATION_CONDITIONS = DEBUG;
				SWIFT_OPTIMIZATION_LEVEL = "-Onone";
				TARGETED_DEVICE_FAMILY = "1,2";
			};
			name = Debug;
		};
		7E5CFBB31E8679CF0008FF68 /* Release */ = {
			isa = XCBuildConfiguration;
			buildSettings = {
				ALWAYS_SEARCH_USER_PATHS = NO;
				CLANG_ANALYZER_NONNULL = YES;
				CLANG_CXX_LANGUAGE_STANDARD = "gnu++0x";
				CLANG_CXX_LIBRARY = "libc++";
				CLANG_ENABLE_MODULES = YES;
				CLANG_ENABLE_OBJC_ARC = YES;
				CLANG_WARN_BOOL_CONVERSION = YES;
				CLANG_WARN_CONSTANT_CONVERSION = YES;
				CLANG_WARN_DIRECT_OBJC_ISA_USAGE = YES_ERROR;
				CLANG_WARN_DOCUMENTATION_COMMENTS = YES;
				CLANG_WARN_EMPTY_BODY = YES;
				CLANG_WARN_ENUM_CONVERSION = YES;
				CLANG_WARN_INFINITE_RECURSION = YES;
				CLANG_WARN_INT_CONVERSION = YES;
				CLANG_WARN_OBJC_ROOT_CLASS = YES_ERROR;
				CLANG_WARN_SUSPICIOUS_MOVE = YES;
				CLANG_WARN_UNREACHABLE_CODE = YES;
				CLANG_WARN__DUPLICATE_METHOD_MATCH = YES;
				"CODE_SIGN_IDENTITY[sdk=iphoneos*]" = "iPhone Developer";
				COPY_PHASE_STRIP = NO;
				DEBUG_INFORMATION_FORMAT = "dwarf-with-dsym";
				ENABLE_NS_ASSERTIONS = NO;
				ENABLE_STRICT_OBJC_MSGSEND = YES;
				GCC_C_LANGUAGE_STANDARD = gnu99;
				GCC_NO_COMMON_BLOCKS = YES;
				GCC_WARN_64_TO_32_BIT_CONVERSION = YES;
				GCC_WARN_ABOUT_RETURN_TYPE = YES_ERROR;
				GCC_WARN_UNDECLARED_SELECTOR = YES;
				GCC_WARN_UNINITIALIZED_AUTOS = YES_AGGRESSIVE;
				GCC_WARN_UNUSED_FUNCTION = YES;
				GCC_WARN_UNUSED_VARIABLE = YES;
				IPHONEOS_DEPLOYMENT_TARGET = 10.2;
				MTL_ENABLE_DEBUG_INFO = NO;
				SDKROOT = iphoneos;
				SWIFT_OPTIMIZATION_LEVEL = "-Owholemodule";
				TARGETED_DEVICE_FAMILY = "1,2";
				VALIDATE_PRODUCT = YES;
			};
			name = Release;
		};
		7E5CFBB51E8679CF0008FF68 /* Debug */ = {
			isa = XCBuildConfiguration;
			buildSettings = {
				ASSETCATALOG_COMPILER_APPICON_NAME = AppIcon;
				DEVELOPMENT_TEAM = 6THKXM7NCJ;
				INFOPLIST_FILE = Sellekt/Info.plist;
				LD_RUNPATH_SEARCH_PATHS = "$(inherited) @executable_path/Frameworks";
				PRODUCT_BUNDLE_IDENTIFIER = com.appziatech.Sellekt;
				PRODUCT_NAME = "$(TARGET_NAME)";
				SWIFT_VERSION = 3.0;
			};
			name = Debug;
		};
		7E5CFBB61E8679CF0008FF68 /* Release */ = {
			isa = XCBuildConfiguration;
			buildSettings = {
				ASSETCATALOG_COMPILER_APPICON_NAME = AppIcon;
				DEVELOPMENT_TEAM = 6THKXM7NCJ;
				INFOPLIST_FILE = Sellekt/Info.plist;
				LD_RUNPATH_SEARCH_PATHS = "$(inherited) @executable_path/Frameworks";
				PRODUCT_BUNDLE_IDENTIFIER = com.appziatech.Sellekt;
				PRODUCT_NAME = "$(TARGET_NAME)";
				SWIFT_VERSION = 3.0;
			};
			name = Release;
		};
		7E5CFBB81E8679CF0008FF68 /* Debug */ = {
			isa = XCBuildConfiguration;
			buildSettings = {
				ALWAYS_EMBED_SWIFT_STANDARD_LIBRARIES = YES;
				BUNDLE_LOADER = "$(TEST_HOST)";
				DEVELOPMENT_TEAM = 6THKXM7NCJ;
				INFOPLIST_FILE = SellektTests/Info.plist;
				LD_RUNPATH_SEARCH_PATHS = "$(inherited) @executable_path/Frameworks @loader_path/Frameworks";
				PRODUCT_BUNDLE_IDENTIFIER = com.appziatech.SellektTests;
				PRODUCT_NAME = "$(TARGET_NAME)";
				SWIFT_VERSION = 3.0;
				TEST_HOST = "$(BUILT_PRODUCTS_DIR)/Sellekt.app/Sellekt";
			};
			name = Debug;
		};
		7E5CFBB91E8679CF0008FF68 /* Release */ = {
			isa = XCBuildConfiguration;
			buildSettings = {
				ALWAYS_EMBED_SWIFT_STANDARD_LIBRARIES = YES;
				BUNDLE_LOADER = "$(TEST_HOST)";
				DEVELOPMENT_TEAM = 6THKXM7NCJ;
				INFOPLIST_FILE = SellektTests/Info.plist;
				LD_RUNPATH_SEARCH_PATHS = "$(inherited) @executable_path/Frameworks @loader_path/Frameworks";
				PRODUCT_BUNDLE_IDENTIFIER = com.appziatech.SellektTests;
				PRODUCT_NAME = "$(TARGET_NAME)";
				SWIFT_VERSION = 3.0;
				TEST_HOST = "$(BUILT_PRODUCTS_DIR)/Sellekt.app/Sellekt";
			};
			name = Release;
		};
		7E5CFBBB1E8679CF0008FF68 /* Debug */ = {
			isa = XCBuildConfiguration;
			buildSettings = {
				ALWAYS_EMBED_SWIFT_STANDARD_LIBRARIES = YES;
				DEVELOPMENT_TEAM = 6THKXM7NCJ;
				INFOPLIST_FILE = SellektUITests/Info.plist;
				LD_RUNPATH_SEARCH_PATHS = "$(inherited) @executable_path/Frameworks @loader_path/Frameworks";
				PRODUCT_BUNDLE_IDENTIFIER = com.appziatech.SellektUITests;
				PRODUCT_NAME = "$(TARGET_NAME)";
				SWIFT_VERSION = 3.0;
				TEST_TARGET_NAME = Sellekt;
			};
			name = Debug;
		};
		7E5CFBBC1E8679CF0008FF68 /* Release */ = {
			isa = XCBuildConfiguration;
			buildSettings = {
				ALWAYS_EMBED_SWIFT_STANDARD_LIBRARIES = YES;
				DEVELOPMENT_TEAM = 6THKXM7NCJ;
				INFOPLIST_FILE = SellektUITests/Info.plist;
				LD_RUNPATH_SEARCH_PATHS = "$(inherited) @executable_path/Frameworks @loader_path/Frameworks";
				PRODUCT_BUNDLE_IDENTIFIER = com.appziatech.SellektUITests;
				PRODUCT_NAME = "$(TARGET_NAME)";
				SWIFT_VERSION = 3.0;
				TEST_TARGET_NAME = Sellekt;
			};
			name = Release;
		};
/* End XCBuildConfiguration section */

/* Begin XCConfigurationList section */
		7E5CFB871E8679CD0008FF68 /* Build configuration list for PBXProject "Sellekt" */ = {
			isa = XCConfigurationList;
			buildConfigurations = (
				7E5CFBB21E8679CF0008FF68 /* Debug */,
				7E5CFBB31E8679CF0008FF68 /* Release */,
			);
			defaultConfigurationIsVisible = 0;
			defaultConfigurationName = Release;
		};
		7E5CFBB41E8679CF0008FF68 /* Build configuration list for PBXNativeTarget "Sellekt" */ = {
			isa = XCConfigurationList;
			buildConfigurations = (
				7E5CFBB51E8679CF0008FF68 /* Debug */,
				7E5CFBB61E8679CF0008FF68 /* Release */,
			);
			defaultConfigurationIsVisible = 0;
		};
		7E5CFBB71E8679CF0008FF68 /* Build configuration list for PBXNativeTarget "SellektTests" */ = {
			isa = XCConfigurationList;
			buildConfigurations = (
				7E5CFBB81E8679CF0008FF68 /* Debug */,
				7E5CFBB91E8679CF0008FF68 /* Release */,
			);
			defaultConfigurationIsVisible = 0;
		};
		7E5CFBBA1E8679CF0008FF68 /* Build configuration list for PBXNativeTarget "SellektUITests" */ = {
			isa = XCConfigurationList;
			buildConfigurations = (
				7E5CFBBB1E8679CF0008FF68 /* Debug */,
				7E5CFBBC1E8679CF0008FF68 /* Release */,
			);
			defaultConfigurationIsVisible = 0;
		};
/* End XCConfigurationList section */
	};
	rootObject = 7E5CFB841E8679CD0008FF68 /* Project object */;
}
